// !$*UTF8*$!
{
	archiveVersion = 1;
	classes = {
	};
	objectVersion = 56;
	objects = {

/* Begin PBXBuildFile section */
		5C26138C2A20F4D500C49F2F /* Assets.xcassets in Resources */ = {isa = PBXBuildFile; fileRef = 5C6666FF2A1F674A00E4373E /* Assets.xcassets */; };
		5C2797FC2A4436FD0045106A /* FirebaseAnalytics in Frameworks */ = {isa = PBXBuildFile; productRef = 5C2797FB2A4436FD0045106A /* FirebaseAnalytics */; };
		5C2797FE2A4436FD0045106A /* FirebaseAnalyticsSwift in Frameworks */ = {isa = PBXBuildFile; productRef = 5C2797FD2A4436FD0045106A /* FirebaseAnalyticsSwift */; };
		5C2798002A4436FD0045106A /* FirebaseAuth in Frameworks */ = {isa = PBXBuildFile; productRef = 5C2797FF2A4436FD0045106A /* FirebaseAuth */; };
		5C2798022A4436FD0045106A /* FirebaseDatabase in Frameworks */ = {isa = PBXBuildFile; productRef = 5C2798012A4436FD0045106A /* FirebaseDatabase */; };
		5C2798042A4436FD0045106A /* FirebaseDatabaseSwift in Frameworks */ = {isa = PBXBuildFile; productRef = 5C2798032A4436FD0045106A /* FirebaseDatabaseSwift */; };
		5C2798062A4436FD0045106A /* FirebaseFirestore in Frameworks */ = {isa = PBXBuildFile; productRef = 5C2798052A4436FD0045106A /* FirebaseFirestore */; };
		5C2798082A4436FD0045106A /* FirebaseFirestoreSwift in Frameworks */ = {isa = PBXBuildFile; productRef = 5C2798072A4436FD0045106A /* FirebaseFirestoreSwift */; };
		5C27980C2A4442C60045106A /* StockModel.swift in Sources */ = {isa = PBXBuildFile; fileRef = 5C27980B2A4442C60045106A /* StockModel.swift */; };
		5C6666FC2A1F674800E4373E /* HealthAccessApp.swift in Sources */ = {isa = PBXBuildFile; fileRef = 5C6666FB2A1F674800E4373E /* HealthAccessApp.swift */; };
		5C6666FE2A1F674800E4373E /* ContentView.swift in Sources */ = {isa = PBXBuildFile; fileRef = 5C6666FD2A1F674800E4373E /* ContentView.swift */; };
		5C6667032A1F674A00E4373E /* Preview Assets.xcassets in Resources */ = {isa = PBXBuildFile; fileRef = 5C6667022A1F674A00E4373E /* Preview Assets.xcassets */; };
		5C6667052A1F674A00E4373E /* Persistence.swift in Sources */ = {isa = PBXBuildFile; fileRef = 5C6667042A1F674A00E4373E /* Persistence.swift */; };
		5C6667082A1F674A00E4373E /* HealthAccess.xcdatamodeld in Sources */ = {isa = PBXBuildFile; fileRef = 5C6667062A1F674A00E4373E /* HealthAccess.xcdatamodeld */; };
		5C6667112A1F68D800E4373E /* LoginView.swift in Sources */ = {isa = PBXBuildFile; fileRef = 5C6667102A1F68D800E4373E /* LoginView.swift */; };
		5C6667132A1F68F700E4373E /* SignupView.swift in Sources */ = {isa = PBXBuildFile; fileRef = 5C6667122A1F68F700E4373E /* SignupView.swift */; };
		5C6667202A1FA6FE00E4373E /* AuthenticationViewModel.swift in Sources */ = {isa = PBXBuildFile; fileRef = 5C66671F2A1FA6FE00E4373E /* AuthenticationViewModel.swift */; };
		5C77E9232A5352650061A512 /* SellsModel.swift in Sources */ = {isa = PBXBuildFile; fileRef = 5C77E9222A5352650061A512 /* SellsModel.swift */; };
		5C77E9272A54461D0061A512 /* SellsView.swift in Sources */ = {isa = PBXBuildFile; fileRef = 5C77E9262A54461D0061A512 /* SellsView.swift */; };
		5C77E9292A54BED60061A512 /* Timestamp+Comparable.swift in Sources */ = {isa = PBXBuildFile; fileRef = 5C77E9282A54BED60061A512 /* Timestamp+Comparable.swift */; };
		5C870D3B2A40B2FD00C6618F /* MedsModel.swift in Sources */ = {isa = PBXBuildFile; fileRef = 5C870D3A2A40B2FD00C6618F /* MedsModel.swift */; };
		5C870D3D2A40B51700C6618F /* MedsViewModel.swift in Sources */ = {isa = PBXBuildFile; fileRef = 5C870D3C2A40B51700C6618F /* MedsViewModel.swift */; };
		5C870D3F2A41A67300C6618F /* GoogleService-Info.plist in Resources */ = {isa = PBXBuildFile; fileRef = 5C870D3E2A41A67300C6618F /* GoogleService-Info.plist */; };
		5CA396462A433C3400601080 /* BillingView.swift in Sources */ = {isa = PBXBuildFile; fileRef = 5CA396452A433C3400601080 /* BillingView.swift */; };
		5CA396482A43604F00601080 /* StockView.swift in Sources */ = {isa = PBXBuildFile; fileRef = 5CA396472A43604F00601080 /* StockView.swift */; };
		5CAB73D62A43325C008D7698 /* AddMedsView.swift in Sources */ = {isa = PBXBuildFile; fileRef = 5CAB73D52A43325C008D7698 /* AddMedsView.swift */; };
		5CB5BCBC2A1FF2040037C984 /* AuthenticationView.swift in Sources */ = {isa = PBXBuildFile; fileRef = 5CB5BCBB2A1FF2040037C984 /* AuthenticationView.swift */; };
		5CB5BCBE2A20AA800037C984 /* AuthenticatedView.swift in Sources */ = {isa = PBXBuildFile; fileRef = 5CB5BCBD2A20AA800037C984 /* AuthenticatedView.swift */; };
		5CB5BCC02A20AAC20037C984 /* UserProfileView.swift in Sources */ = {isa = PBXBuildFile; fileRef = 5CB5BCBF2A20AAC20037C984 /* UserProfileView.swift */; };
		5CDDC3222A42070900629167 /* MedsView.swift in Sources */ = {isa = PBXBuildFile; fileRef = 5CDDC3212A42070900629167 /* MedsView.swift */; };
/* End PBXBuildFile section */

/* Begin PBXFileReference section */
		5C27980B2A4442C60045106A /* StockModel.swift */ = {isa = PBXFileReference; lastKnownFileType = sourcecode.swift; path = StockModel.swift; sourceTree = "<group>"; };
		5C6666F82A1F674700E4373E /* HealthAccess.app */ = {isa = PBXFileReference; explicitFileType = wrapper.application; includeInIndex = 0; path = HealthAccess.app; sourceTree = BUILT_PRODUCTS_DIR; };
		5C6666FB2A1F674800E4373E /* HealthAccessApp.swift */ = {isa = PBXFileReference; lastKnownFileType = sourcecode.swift; path = HealthAccessApp.swift; sourceTree = "<group>"; };
		5C6666FD2A1F674800E4373E /* ContentView.swift */ = {isa = PBXFileReference; lastKnownFileType = sourcecode.swift; path = ContentView.swift; sourceTree = "<group>"; };
		5C6666FF2A1F674A00E4373E /* Assets.xcassets */ = {isa = PBXFileReference; lastKnownFileType = folder.assetcatalog; path = Assets.xcassets; sourceTree = "<group>"; };
		5C6667022A1F674A00E4373E /* Preview Assets.xcassets */ = {isa = PBXFileReference; lastKnownFileType = folder.assetcatalog; path = "Preview Assets.xcassets"; sourceTree = "<group>"; };
		5C6667042A1F674A00E4373E /* Persistence.swift */ = {isa = PBXFileReference; lastKnownFileType = sourcecode.swift; path = Persistence.swift; sourceTree = "<group>"; };
		5C6667072A1F674A00E4373E /* HealthAccess.xcdatamodel */ = {isa = PBXFileReference; lastKnownFileType = wrapper.xcdatamodel; path = HealthAccess.xcdatamodel; sourceTree = "<group>"; };
		5C6667092A1F674A00E4373E /* HealthAccess.entitlements */ = {isa = PBXFileReference; lastKnownFileType = text.plist.entitlements; path = HealthAccess.entitlements; sourceTree = "<group>"; };
		5C6667102A1F68D800E4373E /* LoginView.swift */ = {isa = PBXFileReference; lastKnownFileType = sourcecode.swift; path = LoginView.swift; sourceTree = "<group>"; };
		5C6667122A1F68F700E4373E /* SignupView.swift */ = {isa = PBXFileReference; lastKnownFileType = sourcecode.swift; path = SignupView.swift; sourceTree = "<group>"; };
		5C66671D2A1F6F5200E4373E /* HealthAccessRelease.entitlements */ = {isa = PBXFileReference; lastKnownFileType = text.plist.entitlements; path = HealthAccessRelease.entitlements; sourceTree = "<group>"; };
		5C66671F2A1FA6FE00E4373E /* AuthenticationViewModel.swift */ = {isa = PBXFileReference; lastKnownFileType = sourcecode.swift; path = AuthenticationViewModel.swift; sourceTree = "<group>"; };
		5C77E9222A5352650061A512 /* SellsModel.swift */ = {isa = PBXFileReference; lastKnownFileType = sourcecode.swift; path = SellsModel.swift; sourceTree = "<group>"; };
		5C77E9262A54461D0061A512 /* SellsView.swift */ = {isa = PBXFileReference; lastKnownFileType = sourcecode.swift; path = SellsView.swift; sourceTree = "<group>"; };
		5C77E9282A54BED60061A512 /* Timestamp+Comparable.swift */ = {isa = PBXFileReference; lastKnownFileType = sourcecode.swift; path = "Timestamp+Comparable.swift"; sourceTree = "<group>"; };
		5C870D3A2A40B2FD00C6618F /* MedsModel.swift */ = {isa = PBXFileReference; lastKnownFileType = sourcecode.swift; path = MedsModel.swift; sourceTree = "<group>"; };
		5C870D3C2A40B51700C6618F /* MedsViewModel.swift */ = {isa = PBXFileReference; lastKnownFileType = sourcecode.swift; path = MedsViewModel.swift; sourceTree = "<group>"; };
		5C870D3E2A41A67300C6618F /* GoogleService-Info.plist */ = {isa = PBXFileReference; fileEncoding = 4; lastKnownFileType = text.plist.xml; path = "GoogleService-Info.plist"; sourceTree = "<group>"; };
		5CA396452A433C3400601080 /* BillingView.swift */ = {isa = PBXFileReference; lastKnownFileType = sourcecode.swift; path = BillingView.swift; sourceTree = "<group>"; };
		5CA396472A43604F00601080 /* StockView.swift */ = {isa = PBXFileReference; lastKnownFileType = sourcecode.swift; path = StockView.swift; sourceTree = "<group>"; };
		5CAB73D52A43325C008D7698 /* AddMedsView.swift */ = {isa = PBXFileReference; lastKnownFileType = sourcecode.swift; path = AddMedsView.swift; sourceTree = "<group>"; };
		5CB5BCBB2A1FF2040037C984 /* AuthenticationView.swift */ = {isa = PBXFileReference; lastKnownFileType = sourcecode.swift; path = AuthenticationView.swift; sourceTree = "<group>"; };
		5CB5BCBD2A20AA800037C984 /* AuthenticatedView.swift */ = {isa = PBXFileReference; lastKnownFileType = sourcecode.swift; path = AuthenticatedView.swift; sourceTree = "<group>"; };
		5CB5BCBF2A20AAC20037C984 /* UserProfileView.swift */ = {isa = PBXFileReference; lastKnownFileType = sourcecode.swift; path = UserProfileView.swift; sourceTree = "<group>"; };
		5CDDC3212A42070900629167 /* MedsView.swift */ = {isa = PBXFileReference; lastKnownFileType = sourcecode.swift; path = MedsView.swift; sourceTree = "<group>"; };
/* End PBXFileReference section */

/* Begin PBXFrameworksBuildPhase section */
		5C6666F52A1F674700E4373E /* Frameworks */ = {
			isa = PBXFrameworksBuildPhase;
			buildActionMask = 2147483647;
			files = (
				5C2798042A4436FD0045106A /* FirebaseDatabaseSwift in Frameworks */,
				5C2797FE2A4436FD0045106A /* FirebaseAnalyticsSwift in Frameworks */,
				5C2798002A4436FD0045106A /* FirebaseAuth in Frameworks */,
				5C2798082A4436FD0045106A /* FirebaseFirestoreSwift in Frameworks */,
				5C2798022A4436FD0045106A /* FirebaseDatabase in Frameworks */,
				5C2797FC2A4436FD0045106A /* FirebaseAnalytics in Frameworks */,
				5C2798062A4436FD0045106A /* FirebaseFirestore in Frameworks */,
			);
			runOnlyForDeploymentPostprocessing = 0;
		};
/* End PBXFrameworksBuildPhase section */

/* Begin PBXGroup section */
		5C6666EF2A1F674700E4373E = {
			isa = PBXGroup;
			children = (
				5C6666FA2A1F674800E4373E /* HealthAccess */,
				5C6666F92A1F674700E4373E /* Products */,
				5CDDC31E2A41AB6F00629167 /* Frameworks */,
			);
			sourceTree = "<group>";
		};
		5C6666F92A1F674700E4373E /* Products */ = {
			isa = PBXGroup;
			children = (
				5C6666F82A1F674700E4373E /* HealthAccess.app */,
			);
			name = Products;
			sourceTree = "<group>";
		};
		5C6666FA2A1F674800E4373E /* HealthAccess */ = {
			isa = PBXGroup;
			children = (
				5C66671D2A1F6F5200E4373E /* HealthAccessRelease.entitlements */,
				5CAB73D42A431C16008D7698 /* ViewModel */,
				5C66671E2A1FA6DE00E4373E /* Model */,
				5C66670F2A1F678400E4373E /* View */,
				5C6666FB2A1F674800E4373E /* HealthAccessApp.swift */,
				5C6666FD2A1F674800E4373E /* ContentView.swift */,
				5C6666FF2A1F674A00E4373E /* Assets.xcassets */,
				5C870D3E2A41A67300C6618F /* GoogleService-Info.plist */,
				5C6667042A1F674A00E4373E /* Persistence.swift */,
				5C6667092A1F674A00E4373E /* HealthAccess.entitlements */,
				5C6667062A1F674A00E4373E /* HealthAccess.xcdatamodeld */,
				5C6667012A1F674A00E4373E /* Preview Content */,
				5C77E9282A54BED60061A512 /* Timestamp+Comparable.swift */,
			);
			path = HealthAccess;
			sourceTree = "<group>";
		};
		5C6667012A1F674A00E4373E /* Preview Content */ = {
			isa = PBXGroup;
			children = (
				5C6667022A1F674A00E4373E /* Preview Assets.xcassets */,
			);
			path = "Preview Content";
			sourceTree = "<group>";
		};
		5C66670F2A1F678400E4373E /* View */ = {
			isa = PBXGroup;
			children = (
				5C6667102A1F68D800E4373E /* LoginView.swift */,
				5C6667122A1F68F700E4373E /* SignupView.swift */,
				5CB5BCBB2A1FF2040037C984 /* AuthenticationView.swift */,
				5CB5BCBD2A20AA800037C984 /* AuthenticatedView.swift */,
				5CB5BCBF2A20AAC20037C984 /* UserProfileView.swift */,
				5CDDC3212A42070900629167 /* MedsView.swift */,
				5CAB73D52A43325C008D7698 /* AddMedsView.swift */,
				5CA396452A433C3400601080 /* BillingView.swift */,
				5CA396472A43604F00601080 /* StockView.swift */,
				5C77E9262A54461D0061A512 /* SellsView.swift */,
			);
			path = View;
			sourceTree = "<group>";
		};
		5C66671E2A1FA6DE00E4373E /* Model */ = {
			isa = PBXGroup;
			children = (
				5C870D3A2A40B2FD00C6618F /* MedsModel.swift */,
				5C27980B2A4442C60045106A /* StockModel.swift */,
				5C77E9222A5352650061A512 /* SellsModel.swift */,
			);
			path = Model;
			sourceTree = "<group>";
		};
		5CAB73D42A431C16008D7698 /* ViewModel */ = {
			isa = PBXGroup;
			children = (
				5C870D3C2A40B51700C6618F /* MedsViewModel.swift */,
				5C66671F2A1FA6FE00E4373E /* AuthenticationViewModel.swift */,
			);
			path = ViewModel;
			sourceTree = "<group>";
		};
		5CDDC31E2A41AB6F00629167 /* Frameworks */ = {
			isa = PBXGroup;
			children = (
			);
			name = Frameworks;
			sourceTree = "<group>";
		};
/* End PBXGroup section */

/* Begin PBXNativeTarget section */
		5C6666F72A1F674700E4373E /* HealthAccess */ = {
			isa = PBXNativeTarget;
			buildConfigurationList = 5C66670C2A1F674A00E4373E /* Build configuration list for PBXNativeTarget "HealthAccess" */;
			buildPhases = (
				5C6666F42A1F674700E4373E /* Sources */,
				5C6666F52A1F674700E4373E /* Frameworks */,
				5C6666F62A1F674700E4373E /* Resources */,
			);
			buildRules = (
			);
			dependencies = (
			);
			name = HealthAccess;
			packageProductDependencies = (
				5C2797FB2A4436FD0045106A /* FirebaseAnalytics */,
				5C2797FD2A4436FD0045106A /* FirebaseAnalyticsSwift */,
				5C2797FF2A4436FD0045106A /* FirebaseAuth */,
				5C2798012A4436FD0045106A /* FirebaseDatabase */,
				5C2798032A4436FD0045106A /* FirebaseDatabaseSwift */,
				5C2798052A4436FD0045106A /* FirebaseFirestore */,
				5C2798072A4436FD0045106A /* FirebaseFirestoreSwift */,
			);
			productName = HealthAccess;
			productReference = 5C6666F82A1F674700E4373E /* HealthAccess.app */;
			productType = "com.apple.product-type.application";
		};
/* End PBXNativeTarget section */

/* Begin PBXProject section */
		5C6666F02A1F674700E4373E /* Project object */ = {
			isa = PBXProject;
			attributes = {
				BuildIndependentTargetsInParallel = 1;
				LastSwiftUpdateCheck = 1430;
				LastUpgradeCheck = 1430;
				TargetAttributes = {
					5C6666F72A1F674700E4373E = {
						CreatedOnToolsVersion = 14.3;
					};
				};
			};
			buildConfigurationList = 5C6666F32A1F674700E4373E /* Build configuration list for PBXProject "HealthAccess" */;
			compatibilityVersion = "Xcode 14.0";
			developmentRegion = en;
			hasScannedForEncodings = 0;
			knownRegions = (
				en,
				Base,
			);
			mainGroup = 5C6666EF2A1F674700E4373E;
			packageReferences = (
				5C6667142A1F6B1300E4373E /* XCRemoteSwiftPackageReference "firebase-ios-sdk" */,
			);
			productRefGroup = 5C6666F92A1F674700E4373E /* Products */;
			projectDirPath = "";
			projectRoot = "";
			targets = (
				5C6666F72A1F674700E4373E /* HealthAccess */,
			);
		};
/* End PBXProject section */

/* Begin PBXResourcesBuildPhase section */
		5C6666F62A1F674700E4373E /* Resources */ = {
			isa = PBXResourcesBuildPhase;
			buildActionMask = 2147483647;
			files = (
				5C870D3F2A41A67300C6618F /* GoogleService-Info.plist in Resources */,
				5C6667032A1F674A00E4373E /* Preview Assets.xcassets in Resources */,
				5C26138C2A20F4D500C49F2F /* Assets.xcassets in Resources */,
			);
			runOnlyForDeploymentPostprocessing = 0;
		};
/* End PBXResourcesBuildPhase section */

/* Begin PBXSourcesBuildPhase section */
		5C6666F42A1F674700E4373E /* Sources */ = {
			isa = PBXSourcesBuildPhase;
			buildActionMask = 2147483647;
			files = (
				5C77E9272A54461D0061A512 /* SellsView.swift in Sources */,
				5C6667132A1F68F700E4373E /* SignupView.swift in Sources */,
				5C870D3B2A40B2FD00C6618F /* MedsModel.swift in Sources */,
				5C27980C2A4442C60045106A /* StockModel.swift in Sources */,
				5C6667052A1F674A00E4373E /* Persistence.swift in Sources */,
				5C6667202A1FA6FE00E4373E /* AuthenticationViewModel.swift in Sources */,
				5C77E9292A54BED60061A512 /* Timestamp+Comparable.swift in Sources */,
				5C6667082A1F674A00E4373E /* HealthAccess.xcdatamodeld in Sources */,
				5CB5BCBE2A20AA800037C984 /* AuthenticatedView.swift in Sources */,
				5CB5BCC02A20AAC20037C984 /* UserProfileView.swift in Sources */,
				5CAB73D62A43325C008D7698 /* AddMedsView.swift in Sources */,
				5C6666FE2A1F674800E4373E /* ContentView.swift in Sources */,
				5CA396482A43604F00601080 /* StockView.swift in Sources */,
				5C6667112A1F68D800E4373E /* LoginView.swift in Sources */,
				5CB5BCBC2A1FF2040037C984 /* AuthenticationView.swift in Sources */,
				5CDDC3222A42070900629167 /* MedsView.swift in Sources */,
				5C6666FC2A1F674800E4373E /* HealthAccessApp.swift in Sources */,
				5CA396462A433C3400601080 /* BillingView.swift in Sources */,
				5C870D3D2A40B51700C6618F /* MedsViewModel.swift in Sources */,
				5C77E9232A5352650061A512 /* SellsModel.swift in Sources */,
			);
			runOnlyForDeploymentPostprocessing = 0;
		};
/* End PBXSourcesBuildPhase section */

/* Begin XCBuildConfiguration section */
		5C66670A2A1F674A00E4373E /* Debug */ = {
			isa = XCBuildConfiguration;
			buildSettings = {
				ALWAYS_SEARCH_USER_PATHS = NO;
				CLANG_ANALYZER_NONNULL = YES;
				CLANG_ANALYZER_NUMBER_OBJECT_CONVERSION = YES_AGGRESSIVE;
				CLANG_CXX_LANGUAGE_STANDARD = "gnu++20";
				CLANG_ENABLE_MODULES = YES;
				CLANG_ENABLE_OBJC_ARC = YES;
				CLANG_ENABLE_OBJC_WEAK = YES;
				CLANG_WARN_BLOCK_CAPTURE_AUTORELEASING = YES;
				CLANG_WARN_BOOL_CONVERSION = YES;
				CLANG_WARN_COMMA = YES;
				CLANG_WARN_CONSTANT_CONVERSION = YES;
				CLANG_WARN_DEPRECATED_OBJC_IMPLEMENTATIONS = YES;
				CLANG_WARN_DIRECT_OBJC_ISA_USAGE = YES_ERROR;
				CLANG_WARN_DOCUMENTATION_COMMENTS = YES;
				CLANG_WARN_EMPTY_BODY = YES;
				CLANG_WARN_ENUM_CONVERSION = YES;
				CLANG_WARN_INFINITE_RECURSION = YES;
				CLANG_WARN_INT_CONVERSION = YES;
				CLANG_WARN_NON_LITERAL_NULL_CONVERSION = YES;
				CLANG_WARN_OBJC_IMPLICIT_RETAIN_SELF = YES;
				CLANG_WARN_OBJC_LITERAL_CONVERSION = YES;
				CLANG_WARN_OBJC_ROOT_CLASS = YES_ERROR;
				CLANG_WARN_QUOTED_INCLUDE_IN_FRAMEWORK_HEADER = YES;
				CLANG_WARN_RANGE_LOOP_ANALYSIS = YES;
				CLANG_WARN_STRICT_PROTOTYPES = YES;
				CLANG_WARN_SUSPICIOUS_MOVE = YES;
				CLANG_WARN_UNGUARDED_AVAILABILITY = YES_AGGRESSIVE;
				CLANG_WARN_UNREACHABLE_CODE = YES;
				CLANG_WARN__DUPLICATE_METHOD_MATCH = YES;
				COPY_PHASE_STRIP = NO;
				DEBUG_INFORMATION_FORMAT = dwarf;
				ENABLE_STRICT_OBJC_MSGSEND = YES;
				ENABLE_TESTABILITY = YES;
				GCC_C_LANGUAGE_STANDARD = gnu11;
				GCC_DYNAMIC_NO_PIC = NO;
				GCC_NO_COMMON_BLOCKS = YES;
				GCC_OPTIMIZATION_LEVEL = 0;
				GCC_PREPROCESSOR_DEFINITIONS = (
					"DEBUG=1",
					"$(inherited)",
				);
				GCC_WARN_64_TO_32_BIT_CONVERSION = YES;
				GCC_WARN_ABOUT_RETURN_TYPE = YES_ERROR;
				GCC_WARN_UNDECLARED_SELECTOR = YES;
				GCC_WARN_UNINITIALIZED_AUTOS = YES_AGGRESSIVE;
				GCC_WARN_UNUSED_FUNCTION = YES;
				GCC_WARN_UNUSED_VARIABLE = YES;
				MACOSX_DEPLOYMENT_TARGET = 13.2;
				MTL_ENABLE_DEBUG_INFO = INCLUDE_SOURCE;
				MTL_FAST_MATH = YES;
				ONLY_ACTIVE_ARCH = YES;
				SDKROOT = macosx;
				SWIFT_ACTIVE_COMPILATION_CONDITIONS = DEBUG;
				SWIFT_OPTIMIZATION_LEVEL = "-Onone";
			};
			name = Debug;
		};
		5C66670B2A1F674A00E4373E /* Release */ = {
			isa = XCBuildConfiguration;
			buildSettings = {
				ALWAYS_SEARCH_USER_PATHS = NO;
				CLANG_ANALYZER_NONNULL = YES;
				CLANG_ANALYZER_NUMBER_OBJECT_CONVERSION = YES_AGGRESSIVE;
				CLANG_CXX_LANGUAGE_STANDARD = "gnu++20";
				CLANG_ENABLE_MODULES = YES;
				CLANG_ENABLE_OBJC_ARC = YES;
				CLANG_ENABLE_OBJC_WEAK = YES;
				CLANG_WARN_BLOCK_CAPTURE_AUTORELEASING = YES;
				CLANG_WARN_BOOL_CONVERSION = YES;
				CLANG_WARN_COMMA = YES;
				CLANG_WARN_CONSTANT_CONVERSION = YES;
				CLANG_WARN_DEPRECATED_OBJC_IMPLEMENTATIONS = YES;
				CLANG_WARN_DIRECT_OBJC_ISA_USAGE = YES_ERROR;
				CLANG_WARN_DOCUMENTATION_COMMENTS = YES;
				CLANG_WARN_EMPTY_BODY = YES;
				CLANG_WARN_ENUM_CONVERSION = YES;
				CLANG_WARN_INFINITE_RECURSION = YES;
				CLANG_WARN_INT_CONVERSION = YES;
				CLANG_WARN_NON_LITERAL_NULL_CONVERSION = YES;
				CLANG_WARN_OBJC_IMPLICIT_RETAIN_SELF = YES;
				CLANG_WARN_OBJC_LITERAL_CONVERSION = YES;
				CLANG_WARN_OBJC_ROOT_CLASS = YES_ERROR;
				CLANG_WARN_QUOTED_INCLUDE_IN_FRAMEWORK_HEADER = YES;
				CLANG_WARN_RANGE_LOOP_ANALYSIS = YES;
				CLANG_WARN_STRICT_PROTOTYPES = YES;
				CLANG_WARN_SUSPICIOUS_MOVE = YES;
				CLANG_WARN_UNGUARDED_AVAILABILITY = YES_AGGRESSIVE;
				CLANG_WARN_UNREACHABLE_CODE = YES;
				CLANG_WARN__DUPLICATE_METHOD_MATCH = YES;
				COPY_PHASE_STRIP = NO;
				DEBUG_INFORMATION_FORMAT = "dwarf-with-dsym";
				ENABLE_NS_ASSERTIONS = NO;
				ENABLE_STRICT_OBJC_MSGSEND = YES;
				GCC_C_LANGUAGE_STANDARD = gnu11;
				GCC_NO_COMMON_BLOCKS = YES;
				GCC_WARN_64_TO_32_BIT_CONVERSION = YES;
				GCC_WARN_ABOUT_RETURN_TYPE = YES_ERROR;
				GCC_WARN_UNDECLARED_SELECTOR = YES;
				GCC_WARN_UNINITIALIZED_AUTOS = YES_AGGRESSIVE;
				GCC_WARN_UNUSED_FUNCTION = YES;
				GCC_WARN_UNUSED_VARIABLE = YES;
				MACOSX_DEPLOYMENT_TARGET = 13.2;
				MTL_ENABLE_DEBUG_INFO = NO;
				MTL_FAST_MATH = YES;
				SDKROOT = macosx;
				SWIFT_COMPILATION_MODE = wholemodule;
				SWIFT_OPTIMIZATION_LEVEL = "-O";
			};
			name = Release;
		};
		5C66670D2A1F674A00E4373E /* Debug */ = {
			isa = XCBuildConfiguration;
			buildSettings = {
				ASSETCATALOG_COMPILER_APPICON_NAME = AppIcon;
				"ASSETCATALOG_COMPILER_APPICON_NAME[sdk=macosx*]" = AppIcon;
				ASSETCATALOG_COMPILER_GLOBAL_ACCENT_COLOR_NAME = "Color 1";
				ASSETCATALOG_COMPILER_INCLUDE_ALL_APPICON_ASSETS = YES;
				CODE_SIGN_ENTITLEMENTS = HealthAccess/HealthAccess.entitlements;
				CODE_SIGN_STYLE = Automatic;
				COMBINE_HIDPI_IMAGES = YES;
				CURRENT_PROJECT_VERSION = 1;
				DEVELOPMENT_ASSET_PATHS = "\"HealthAccess/Preview Content\"";
				DEVELOPMENT_TEAM = C4MM7X8KJ3;
				ENABLE_HARDENED_RUNTIME = YES;
				ENABLE_PREVIEWS = YES;
				GENERATE_INFOPLIST_FILE = YES;
				INFOPLIST_KEY_CFBundleDisplayName = "Health Access";
				INFOPLIST_KEY_NSHumanReadableCopyright = "";
				LD_RUNPATH_SEARCH_PATHS = (
					"$(inherited)",
					"@executable_path/../Frameworks",
				);
				MARKETING_VERSION = 1.0;
				PRODUCT_BUNDLE_IDENTIFIER = edi.HealthAccess;
				PRODUCT_NAME = "$(TARGET_NAME)";
				SWIFT_EMIT_LOC_STRINGS = YES;
				SWIFT_VERSION = 5.0;
			};
			name = Debug;
		};
		5C66670E2A1F674A00E4373E /* Release */ = {
			isa = XCBuildConfiguration;
			buildSettings = {
				ASSETCATALOG_COMPILER_APPICON_NAME = AppIcon;
				"ASSETCATALOG_COMPILER_APPICON_NAME[sdk=macosx*]" = AppIcon;
				ASSETCATALOG_COMPILER_GLOBAL_ACCENT_COLOR_NAME = "Color 1";
				ASSETCATALOG_COMPILER_INCLUDE_ALL_APPICON_ASSETS = YES;
				CODE_SIGN_ENTITLEMENTS = HealthAccess/HealthAccessRelease.entitlements;
				CODE_SIGN_STYLE = Automatic;
				COMBINE_HIDPI_IMAGES = YES;
				CURRENT_PROJECT_VERSION = 1;
				DEVELOPMENT_ASSET_PATHS = "\"HealthAccess/Preview Content\"";
				DEVELOPMENT_TEAM = C4MM7X8KJ3;
				ENABLE_HARDENED_RUNTIME = YES;
				ENABLE_PREVIEWS = YES;
				GENERATE_INFOPLIST_FILE = YES;
				INFOPLIST_KEY_CFBundleDisplayName = "Health Access";
				INFOPLIST_KEY_NSHumanReadableCopyright = "";
				LD_RUNPATH_SEARCH_PATHS = (
					"$(inherited)",
					"@executable_path/../Frameworks",
				);
				MARKETING_VERSION = 1.0;
				PRODUCT_BUNDLE_IDENTIFIER = edi.HealthAccess;
				PRODUCT_NAME = "$(TARGET_NAME)";
				SWIFT_EMIT_LOC_STRINGS = YES;
				SWIFT_VERSION = 5.0;
			};
			name = Release;
		};
/* End XCBuildConfiguration section */

/* Begin XCConfigurationList section */
		5C6666F32A1F674700E4373E /* Build configuration list for PBXProject "HealthAccess" */ = {
			isa = XCConfigurationList;
			buildConfigurations = (
				5C66670A2A1F674A00E4373E /* Debug */,
				5C66670B2A1F674A00E4373E /* Release */,
			);
			defaultConfigurationIsVisible = 0;
			defaultConfigurationName = Release;
		};
		5C66670C2A1F674A00E4373E /* Build configuration list for PBXNativeTarget "HealthAccess" */ = {
			isa = XCConfigurationList;
			buildConfigurations = (
				5C66670D2A1F674A00E4373E /* Debug */,
				5C66670E2A1F674A00E4373E /* Release */,
			);
			defaultConfigurationIsVisible = 0;
			defaultConfigurationName = Release;
		};
/* End XCConfigurationList section */

/* Begin XCRemoteSwiftPackageReference section */
		5C6667142A1F6B1300E4373E /* XCRemoteSwiftPackageReference "firebase-ios-sdk" */ = {
			isa = XCRemoteSwiftPackageReference;
			repositoryURL = "https://github.com/firebase/firebase-ios-sdk";
			requirement = {
				kind = upToNextMajorVersion;
				minimumVersion = 10.0.0;
			};
		};
/* End XCRemoteSwiftPackageReference section */

/* Begin XCSwiftPackageProductDependency section */
		5C2797FB2A4436FD0045106A /* FirebaseAnalytics */ = {
			isa = XCSwiftPackageProductDependency;
			package = 5C6667142A1F6B1300E4373E /* XCRemoteSwiftPackageReference "firebase-ios-sdk" */;
			productName = FirebaseAnalytics;
		};
		5C2797FD2A4436FD0045106A /* FirebaseAnalyticsSwift */ = {
			isa = XCSwiftPackageProductDependency;
			package = 5C6667142A1F6B1300E4373E /* XCRemoteSwiftPackageReference "firebase-ios-sdk" */;
			productName = FirebaseAnalyticsSwift;
		};
		5C2797FF2A4436FD0045106A /* FirebaseAuth */ = {
			isa = XCSwiftPackageProductDependency;
			package = 5C6667142A1F6B1300E4373E /* XCRemoteSwiftPackageReference "firebase-ios-sdk" */;
			productName = FirebaseAuth;
		};
		5C2798012A4436FD0045106A /* FirebaseDatabase */ = {
			isa = XCSwiftPackageProductDependency;
			package = 5C6667142A1F6B1300E4373E /* XCRemoteSwiftPackageReference "firebase-ios-sdk" */;
			productName = FirebaseDatabase;
		};
		5C2798032A4436FD0045106A /* FirebaseDatabaseSwift */ = {
			isa = XCSwiftPackageProductDependency;
			package = 5C6667142A1F6B1300E4373E /* XCRemoteSwiftPackageReference "firebase-ios-sdk" */;
			productName = FirebaseDatabaseSwift;
		};
		5C2798052A4436FD0045106A /* FirebaseFirestore */ = {
			isa = XCSwiftPackageProductDependency;
			package = 5C6667142A1F6B1300E4373E /* XCRemoteSwiftPackageReference "firebase-ios-sdk" */;
			productName = FirebaseFirestore;
		};
		5C2798072A4436FD0045106A /* FirebaseFirestoreSwift */ = {
			isa = XCSwiftPackageProductDependency;
			package = 5C6667142A1F6B1300E4373E /* XCRemoteSwiftPackageReference "firebase-ios-sdk" */;
			productName = FirebaseFirestoreSwift;
		};
/* End XCSwiftPackageProductDependency section */

/* Begin XCVersionGroup section */
		5C6667062A1F674A00E4373E /* HealthAccess.xcdatamodeld */ = {
			isa = XCVersionGroup;
			children = (
				5C6667072A1F674A00E4373E /* HealthAccess.xcdatamodel */,
			);
			currentVersion = 5C6667072A1F674A00E4373E /* HealthAccess.xcdatamodel */;
			path = HealthAccess.xcdatamodeld;
			sourceTree = "<group>";
			versionGroupType = wrapper.xcdatamodel;
		};
/* End XCVersionGroup section */
	};
	rootObject = 5C6666F02A1F674700E4373E /* Project object */;
}
